// !$*UTF8*$!
{
	archiveVersion = 1;
	classes = {
	};
	objectVersion = 46;
	objects = {

/* Begin PBXBuildFile section */
		9305BF7E1414568D0052A06F /* UIKit.framework in Frameworks */ = {isa = PBXBuildFile; fileRef = 9305BF7D1414568D0052A06F /* UIKit.framework */; };
		9305BF801414568D0052A06F /* Foundation.framework in Frameworks */ = {isa = PBXBuildFile; fileRef = 9305BF7F1414568D0052A06F /* Foundation.framework */; };
		9305BF821414568D0052A06F /* CoreGraphics.framework in Frameworks */ = {isa = PBXBuildFile; fileRef = 9305BF811414568D0052A06F /* CoreGraphics.framework */; };
		9305BF881414568D0052A06F /* InfoPlist.strings in Resources */ = {isa = PBXBuildFile; fileRef = 9305BF861414568D0052A06F /* InfoPlist.strings */; };
		9305BF8A1414568D0052A06F /* main.m in Sources */ = {isa = PBXBuildFile; fileRef = 9305BF891414568D0052A06F /* main.m */; };
		9305BF8E1414568D0052A06F /* ExampleAppDelegate.m in Sources */ = {isa = PBXBuildFile; fileRef = 9305BF8D1414568D0052A06F /* ExampleAppDelegate.m */; };
		9305BF911414568D0052A06F /* MainWindow.xib in Resources */ = {isa = PBXBuildFile; fileRef = 9305BF8F1414568D0052A06F /* MainWindow.xib */; };
/* End PBXBuildFile section */

/* Begin PBXFileReference section */
		9305BF791414568D0052A06F /* Example.app */ = {isa = PBXFileReference; explicitFileType = wrapper.application; includeInIndex = 0; path = Example.app; sourceTree = BUILT_PRODUCTS_DIR; };
		9305BF7D1414568D0052A06F /* UIKit.framework */ = {isa = PBXFileReference; lastKnownFileType = wrapper.framework; name = UIKit.framework; path = System/Library/Frameworks/UIKit.framework; sourceTree = SDKROOT; };
		9305BF7F1414568D0052A06F /* Foundation.framework */ = {isa = PBXFileReference; lastKnownFileType = wrapper.framework; name = Foundation.framework; path = System/Library/Frameworks/Foundation.framework; sourceTree = SDKROOT; };
		9305BF811414568D0052A06F /* CoreGraphics.framework */ = {isa = PBXFileReference; lastKnownFileType = wrapper.framework; name = CoreGraphics.framework; path = System/Library/Frameworks/CoreGraphics.framework; sourceTree = SDKROOT; };
		9305BF851414568D0052A06F /* Example-Info.plist */ = {isa = PBXFileReference; path = "Example-Info.plist"; sourceTree = "<group>"; };
		9305BF871414568D0052A06F /* en */ = {isa = PBXFileReference; lastKnownFileType = text.plist.strings; name = en; path = en.lproj/InfoPlist.strings; sourceTree = "<group>"; };
		9305BF891414568D0052A06F /* main.m */ = {isa = PBXFileReference; lastKnownFileType = sourcecode.c.objc; path = main.m; sourceTree = "<group>"; };
		9305BF8B1414568D0052A06F /* Example-Prefix.pch */ = {isa = PBXFileReference; path = "Example-Prefix.pch"; sourceTree = "<group>"; };
		9305BF8C1414568D0052A06F /* ExampleAppDelegate.h */ = {isa = PBXFileReference; path = ExampleAppDelegate.h; sourceTree = "<group>"; };
		9305BF8D1414568D0052A06F /* ExampleAppDelegate.m */ = {isa = PBXFileReference; lastKnownFileType = sourcecode.c.objc; path = ExampleAppDelegate.m; sourceTree = "<group>"; };
		9305BF901414568D0052A06F /* en */ = {isa = PBXFileReference; lastKnownFileType = file.xib; name = en; path = en.lproj/MainWindow.xib; sourceTree = "<group>"; };
/* End PBXFileReference section */

/* Begin PBXFrameworksBuildPhase section */
		9305BF761414568D0052A06F /* Frameworks */ = {
			isa = PBXFrameworksBuildPhase;
			buildActionMask = 2147483647;
			files = (
				9305BF7E1414568D0052A06F /* UIKit.framework in Frameworks */,
				9305BF801414568D0052A06F /* Foundation.framework in Frameworks */,
				9305BF821414568D0052A06F /* CoreGraphics.framework in Frameworks */,
			);
			runOnlyForDeploymentPostprocessing = 0;
		};
/* End PBXFrameworksBuildPhase section */

/* Begin PBXGroup section */
		9305BF6E1414568D0052A06F = {
			isa = PBXGroup;
			children = (
				9305BF831414568D0052A06F /* Example */,
				9305BF7C1414568D0052A06F /* Frameworks */,
				9305BF7A1414568D0052A06F /* Products */,
			);
			sourceTree = "<group>";
		};
		9305BF7A1414568D0052A06F /* Products */ = {
			isa = PBXGroup;
			children = (
				9305BF791414568D0052A06F /* Example.app */,
			);
			name = Products;
			sourceTree = "<group>";
		};
		9305BF7C1414568D0052A06F /* Frameworks */ = {
			isa = PBXGroup;
			children = (
				9305BF7D1414568D0052A06F /* UIKit.framework */,
				9305BF7F1414568D0052A06F /* Foundation.framework */,
				9305BF811414568D0052A06F /* CoreGraphics.framework */,
			);
			name = Frameworks;
			sourceTree = "<group>";
		};
		9305BF831414568D0052A06F /* Example */ = {
			isa = PBXGroup;
			children = (
				9305BF8C1414568D0052A06F /* ExampleAppDelegate.h */,
				9305BF8D1414568D0052A06F /* ExampleAppDelegate.m */,
				9305BF8F1414568D0052A06F /* MainWindow.xib */,
				9305BF841414568D0052A06F /* Supporting Files */,
			);
			path = Example;
			sourceTree = "<group>";
		};
		9305BF841414568D0052A06F /* Supporting Files */ = {
			isa = PBXGroup;
			children = (
				9305BF851414568D0052A06F /* Example-Info.plist */,
				9305BF861414568D0052A06F /* InfoPlist.strings */,
				9305BF891414568D0052A06F /* main.m */,
				9305BF8B1414568D0052A06F /* Example-Prefix.pch */,
			);
			name = "Supporting Files";
			sourceTree = "<group>";
		};
/* End PBXGroup section */

/* Begin PBXNativeTarget section */
		9305BF781414568D0052A06F /* Example */ = {
			isa = PBXNativeTarget;
			buildConfigurationList = 9305BF941414568D0052A06F /* Build configuration list for PBXNativeTarget "Example" */;
			buildPhases = (
				9305BF751414568D0052A06F /* Sources */,
				9305BF761414568D0052A06F /* Frameworks */,
				9305BF771414568D0052A06F /* Resources */,
			);
			buildRules = (
			);
			dependencies = (
			);
			name = Example;
			productName = Example;
			productReference = 9305BF791414568D0052A06F /* Example.app */;
			productType = "com.apple.product-type.application";
		};
/* End PBXNativeTarget section */

/* Begin PBXProject section */
		9305BF701414568D0052A06F /* Project object */ = {
			isa = PBXProject;
			attributes = {
				ORGANIZATIONNAME = "Structlab LLC";
			};
			buildConfigurationList = 9305BF731414568D0052A06F /* Build configuration list for PBXProject "Example" */;
			compatibilityVersion = "Xcode 3.2";
			developmentRegion = English;
			hasScannedForEncodings = 0;
			knownRegions = (
				en,
			);
			mainGroup = 9305BF6E1414568D0052A06F;
			productRefGroup = 9305BF7A1414568D0052A06F /* Products */;
			projectDirPath = "";
			projectRoot = "";
			targets = (
				9305BF781414568D0052A06F /* Example */,
			);
		};
/* End PBXProject section */

/* Begin PBXResourcesBuildPhase section */
		9305BF771414568D0052A06F /* Resources */ = {
			isa = PBXResourcesBuildPhase;
			buildActionMask = 2147483647;
			files = (
				9305BF881414568D0052A06F /* InfoPlist.strings in Resources */,
				9305BF911414568D0052A06F /* MainWindow.xib in Resources */,
			);
			runOnlyForDeploymentPostprocessing = 0;
		};
/* End PBXResourcesBuildPhase section */

/* Begin PBXSourcesBuildPhase section */
		9305BF751414568D0052A06F /* Sources */ = {
			isa = PBXSourcesBuildPhase;
			buildActionMask = 2147483647;
			files = (
				9305BF8A1414568D0052A06F /* main.m in Sources */,
				9305BF8E1414568D0052A06F /* ExampleAppDelegate.m in Sources */,
			);
			runOnlyForDeploymentPostprocessing = 0;
		};
/* End PBXSourcesBuildPhase section */

/* Begin PBXVariantGroup section */
		9305BF861414568D0052A06F /* InfoPlist.strings */ = {
			isa = PBXVariantGroup;
			children = (
				9305BF871414568D0052A06F /* en */,
			);
			name = InfoPlist.strings;
			sourceTree = "<group>";
		};
		9305BF8F1414568D0052A06F /* MainWindow.xib */ = {
			isa = PBXVariantGroup;
			children = (
				9305BF901414568D0052A06F /* en */,
			);
			name = MainWindow.xib;
			sourceTree = "<group>";
		};
/* End PBXVariantGroup section */

/* Begin XCBuildConfiguration section */
		9305BF921414568D0052A06F /* Debug */ = {
			isa = XCBuildConfiguration;
			buildSettings = {
				ALWAYS_SEARCH_USER_PATHS = NO;
				ARCHS = "$(ARCHS_STANDARD_32_BIT)";
				"CODE_SIGN_IDENTITY[sdk=iphoneos*]" = "iPhone Developer";
				COPY_PHASE_STRIP = NO;
				GCC_C_LANGUAGE_STANDARD = gnu99;
				GCC_DYNAMIC_NO_PIC = NO;
				GCC_OPTIMIZATION_LEVEL = 0;
				GCC_PREPROCESSOR_DEFINITIONS = (
					"DEBUG=1",
					"$(inherited)",
				);
				GCC_SYMBOLS_PRIVATE_EXTERN = NO;
				GCC_VERSION = com.apple.compilers.llvmgcc42;
				GCC_WARN_ABOUT_MISSING_PROTOTYPES = YES;
				GCC_WARN_ABOUT_RETURN_TYPE = YES;
				GCC_WARN_UNUSED_VARIABLE = YES;
				IPHONEOS_DEPLOYMENT_TARGET = 4.3;
				SDKROOT = iphoneos;
			};
			name = Debug;
		};
		9305BF931414568D0052A06F /* Release */ = {
			isa = XCBuildConfiguration;
			buildSettings = {
				ALWAYS_SEARCH_USER_PATHS = NO;
				ARCHS = "$(ARCHS_STANDARD_32_BIT)";
				"CODE_SIGN_IDENTITY[sdk=iphoneos*]" = "iPhone Developer";
				COPY_PHASE_STRIP = YES;
				GCC_C_LANGUAGE_STANDARD = gnu99;
				GCC_VERSION = com.apple.compilers.llvmgcc42;
				GCC_WARN_ABOUT_MISSING_PROTOTYPES = YES;
				GCC_WARN_ABOUT_RETURN_TYPE = YES;
				GCC_WARN_UNUSED_VARIABLE = YES;
				IPHONEOS_DEPLOYMENT_TARGET = 4.3;
				OTHER_CFLAGS = "-DNS_BLOCK_ASSERTIONS=1";
				SDKROOT = iphoneos;
				VALIDATE_PRODUCT = YES;
			};
			name = Release;
		};
		9305BF951414568D0052A06F /* Debug */ = {
			isa = XCBuildConfiguration;
			buildSettings = {
				GCC_PRECOMPILE_PREFIX_HEADER = YES;
				GCC_PREFIX_HEADER = "Example/Example-Prefix.pch";
				INFOPLIST_FILE = "Example/Example-Info.plist";
				PRODUCT_NAME = "$(TARGET_NAME)";
				WRAPPER_EXTENSION = app;
			};
			name = Debug;
		};
		9305BF961414568D0052A06F /* Release */ = {
			isa = XCBuildConfiguration;
			buildSettings = {
				GCC_PRECOMPILE_PREFIX_HEADER = YES;
				GCC_PREFIX_HEADER = "Example/Example-Prefix.pch";
				INFOPLIST_FILE = "Example/Example-Info.plist";
				PRODUCT_NAME = "$(TARGET_NAME)";
				WRAPPER_EXTENSION = app;
			};
			name = Release;
		};
/* End XCBuildConfiguration section */

/* Begin XCConfigurationList section */
		9305BF731414568D0052A06F /* Build configuration list for PBXProject "Example" */ = {
			isa = XCConfigurationList;
			buildConfigurations = (
				9305BF921414568D0052A06F /* Debug */,
				9305BF931414568D0052A06F /* Release */,
			);
			defaultConfigurationIsVisible = 0;
			defaultConfigurationName = Release;
		};
		9305BF941414568D0052A06F /* Build configuration list for PBXNativeTarget "Example" */ = {
			isa = XCConfigurationList;
			buildConfigurations = (
				9305BF951414568D0052A06F /* Debug */,
				9305BF961414568D0052A06F /* Release */,
			);
			defaultConfigurationIsVisible = 0;
		};
/* End XCConfigurationList section */
	};
	rootObject = 9305BF701414568D0052A06F /* Project object */;
}
