// !$*UTF8*$!
{
	archiveVersion = 1;
	classes = {
	};
	objectVersion = 46;
	objects = {

/* Begin PBXBuildFile section */
		93BF78E8141D6EBA00EF7849 /* UIKit.framework in Frameworks */ = {isa = PBXBuildFile; fileRef = 93BF78E7141D6EBA00EF7849 /* UIKit.framework */; };
		93BF78EA141D6EBA00EF7849 /* Foundation.framework in Frameworks */ = {isa = PBXBuildFile; fileRef = 93BF78E9141D6EBA00EF7849 /* Foundation.framework */; };
		93BF78EC141D6EBA00EF7849 /* CoreGraphics.framework in Frameworks */ = {isa = PBXBuildFile; fileRef = 93BF78EB141D6EBA00EF7849 /* CoreGraphics.framework */; };
		93BF78F2141D6EBA00EF7849 /* InfoPlist.strings in Resources */ = {isa = PBXBuildFile; fileRef = 93BF78F0141D6EBA00EF7849 /* InfoPlist.strings */; };
		93BF78F4141D6EBA00EF7849 /* main.m in Sources */ = {isa = PBXBuildFile; fileRef = 93BF78F3141D6EBA00EF7849 /* main.m */; };
		93BF78F8141D6EBA00EF7849 /* MappingExampleAppDelegate.m in Sources */ = {isa = PBXBuildFile; fileRef = 93BF78F7141D6EBA00EF7849 /* MappingExampleAppDelegate.m */; };
		93BF78FB141D6EBA00EF7849 /* MainWindow.xib in Resources */ = {isa = PBXBuildFile; fileRef = 93BF78F9141D6EBA00EF7849 /* MainWindow.xib */; };
		93BF78FE141D6EBA00EF7849 /* RootViewController.m in Sources */ = {isa = PBXBuildFile; fileRef = 93BF78FD141D6EBA00EF7849 /* RootViewController.m */; };
		93BF7901141D6EBA00EF7849 /* RootViewController.xib in Resources */ = {isa = PBXBuildFile; fileRef = 93BF78FF141D6EBA00EF7849 /* RootViewController.xib */; };
		93BF790A141D6EDC00EF7849 /* SOCKit.m in Sources */ = {isa = PBXBuildFile; fileRef = 93BF7909141D6EDC00EF7849 /* SOCKit.m */; };
		93BF790E141D6EE200EF7849 /* ABRouter.m in Sources */ = {isa = PBXBuildFile; fileRef = 93BF790D141D6EE200EF7849 /* ABRouter.m */; };
		93BF7912141D6F2100EF7849 /* MapViewController.m in Sources */ = {isa = PBXBuildFile; fileRef = 93BF7910141D6F2100EF7849 /* MapViewController.m */; };
		93BF7913141D6F2100EF7849 /* MapViewController.xib in Resources */ = {isa = PBXBuildFile; fileRef = 93BF7911141D6F2100EF7849 /* MapViewController.xib */; };
		93BF7918141D72D300EF7849 /* MapKit.framework in Frameworks */ = {isa = PBXBuildFile; fileRef = 93BF7917141D72D300EF7849 /* MapKit.framework */; };
		93BF791A141D740600EF7849 /* CoreLocation.framework in Frameworks */ = {isa = PBXBuildFile; fileRef = 93BF7919141D740600EF7849 /* CoreLocation.framework */; };
/* End PBXBuildFile section */

/* Begin PBXFileReference section */
		93BF78E3141D6EBA00EF7849 /* MappingExample.app */ = {isa = PBXFileReference; explicitFileType = wrapper.application; includeInIndex = 0; path = MappingExample.app; sourceTree = BUILT_PRODUCTS_DIR; };
		93BF78E7141D6EBA00EF7849 /* UIKit.framework */ = {isa = PBXFileReference; lastKnownFileType = wrapper.framework; name = UIKit.framework; path = System/Library/Frameworks/UIKit.framework; sourceTree = SDKROOT; };
		93BF78E9141D6EBA00EF7849 /* Foundation.framework */ = {isa = PBXFileReference; lastKnownFileType = wrapper.framework; name = Foundation.framework; path = System/Library/Frameworks/Foundation.framework; sourceTree = SDKROOT; };
		93BF78EB141D6EBA00EF7849 /* CoreGraphics.framework */ = {isa = PBXFileReference; lastKnownFileType = wrapper.framework; name = CoreGraphics.framework; path = System/Library/Frameworks/CoreGraphics.framework; sourceTree = SDKROOT; };
		93BF78EF141D6EBA00EF7849 /* MappingExample-Info.plist */ = {isa = PBXFileReference; lastKnownFileType = text.plist.xml; path = "MappingExample-Info.plist"; sourceTree = "<group>"; };
		93BF78F1141D6EBA00EF7849 /* en */ = {isa = PBXFileReference; lastKnownFileType = text.plist.strings; name = en; path = en.lproj/InfoPlist.strings; sourceTree = "<group>"; };
		93BF78F3141D6EBA00EF7849 /* main.m */ = {isa = PBXFileReference; lastKnownFileType = sourcecode.c.objc; path = main.m; sourceTree = "<group>"; };
		93BF78F5141D6EBA00EF7849 /* MappingExample-Prefix.pch */ = {isa = PBXFileReference; lastKnownFileType = sourcecode.c.h; path = "MappingExample-Prefix.pch"; sourceTree = "<group>"; };
		93BF78F6141D6EBA00EF7849 /* MappingExampleAppDelegate.h */ = {isa = PBXFileReference; lastKnownFileType = sourcecode.c.h; path = MappingExampleAppDelegate.h; sourceTree = "<group>"; };
		93BF78F7141D6EBA00EF7849 /* MappingExampleAppDelegate.m */ = {isa = PBXFileReference; lastKnownFileType = sourcecode.c.objc; path = MappingExampleAppDelegate.m; sourceTree = "<group>"; };
		93BF78FA141D6EBA00EF7849 /* en */ = {isa = PBXFileReference; lastKnownFileType = file.xib; name = en; path = en.lproj/MainWindow.xib; sourceTree = "<group>"; };
		93BF78FC141D6EBA00EF7849 /* RootViewController.h */ = {isa = PBXFileReference; lastKnownFileType = sourcecode.c.h; path = RootViewController.h; sourceTree = "<group>"; };
		93BF78FD141D6EBA00EF7849 /* RootViewController.m */ = {isa = PBXFileReference; lastKnownFileType = sourcecode.c.objc; path = RootViewController.m; sourceTree = "<group>"; };
		93BF7900141D6EBA00EF7849 /* en */ = {isa = PBXFileReference; lastKnownFileType = file.xib; name = en; path = en.lproj/RootViewController.xib; sourceTree = "<group>"; };
		93BF7908141D6EDC00EF7849 /* SOCKit.h */ = {isa = PBXFileReference; fileEncoding = 4; lastKnownFileType = sourcecode.c.h; name = SOCKit.h; path = ../SOCKit/SOCKit.h; sourceTree = "<group>"; };
		93BF7909141D6EDC00EF7849 /* SOCKit.m */ = {isa = PBXFileReference; fileEncoding = 4; lastKnownFileType = sourcecode.c.objc; name = SOCKit.m; path = ../SOCKit/SOCKit.m; sourceTree = "<group>"; };
		93BF790C141D6EE200EF7849 /* ABRouter.h */ = {isa = PBXFileReference; fileEncoding = 4; lastKnownFileType = sourcecode.c.h; path = ABRouter.h; sourceTree = "<group>"; };
		93BF790D141D6EE200EF7849 /* ABRouter.m */ = {isa = PBXFileReference; fileEncoding = 4; lastKnownFileType = sourcecode.c.objc; path = ABRouter.m; sourceTree = "<group>"; };
		93BF790F141D6F2100EF7849 /* MapViewController.h */ = {isa = PBXFileReference; fileEncoding = 4; lastKnownFileType = sourcecode.c.h; path = MapViewController.h; sourceTree = "<group>"; };
		93BF7910141D6F2100EF7849 /* MapViewController.m */ = {isa = PBXFileReference; fileEncoding = 4; lastKnownFileType = sourcecode.c.objc; path = MapViewController.m; sourceTree = "<group>"; };
		93BF7911141D6F2100EF7849 /* MapViewController.xib */ = {isa = PBXFileReference; fileEncoding = 4; lastKnownFileType = file.xib; path = MapViewController.xib; sourceTree = "<group>"; };
		93BF7917141D72D300EF7849 /* MapKit.framework */ = {isa = PBXFileReference; lastKnownFileType = wrapper.framework; name = MapKit.framework; path = System/Library/Frameworks/MapKit.framework; sourceTree = SDKROOT; };
		93BF7919141D740600EF7849 /* CoreLocation.framework */ = {isa = PBXFileReference; lastKnownFileType = wrapper.framework; name = CoreLocation.framework; path = System/Library/Frameworks/CoreLocation.framework; sourceTree = SDKROOT; };
/* End PBXFileReference section */

/* Begin PBXFrameworksBuildPhase section */
		93BF78E0141D6EBA00EF7849 /* Frameworks */ = {
			isa = PBXFrameworksBuildPhase;
			buildActionMask = 2147483647;
			files = (
				93BF791A141D740600EF7849 /* CoreLocation.framework in Frameworks */,
				93BF7918141D72D300EF7849 /* MapKit.framework in Frameworks */,
				93BF78E8141D6EBA00EF7849 /* UIKit.framework in Frameworks */,
				93BF78EA141D6EBA00EF7849 /* Foundation.framework in Frameworks */,
				93BF78EC141D6EBA00EF7849 /* CoreGraphics.framework in Frameworks */,
			);
			runOnlyForDeploymentPostprocessing = 0;
		};
/* End PBXFrameworksBuildPhase section */

/* Begin PBXGroup section */
		93BF78D8141D6EBA00EF7849 = {
			isa = PBXGroup;
			children = (
				93BF790B141D6EE200EF7849 /* ABRouter */,
				93BF7907141D6ED000EF7849 /* SOCKit */,
				93BF78ED141D6EBA00EF7849 /* MappingExample */,
				93BF78E6141D6EBA00EF7849 /* Frameworks */,
				93BF78E4141D6EBA00EF7849 /* Products */,
			);
			sourceTree = "<group>";
		};
		93BF78E4141D6EBA00EF7849 /* Products */ = {
			isa = PBXGroup;
			children = (
				93BF78E3141D6EBA00EF7849 /* MappingExample.app */,
			);
			name = Products;
			sourceTree = "<group>";
		};
		93BF78E6141D6EBA00EF7849 /* Frameworks */ = {
			isa = PBXGroup;
			children = (
				93BF7919141D740600EF7849 /* CoreLocation.framework */,
				93BF7917141D72D300EF7849 /* MapKit.framework */,
				93BF78E7141D6EBA00EF7849 /* UIKit.framework */,
				93BF78E9141D6EBA00EF7849 /* Foundation.framework */,
				93BF78EB141D6EBA00EF7849 /* CoreGraphics.framework */,
			);
			name = Frameworks;
			sourceTree = "<group>";
		};
		93BF78ED141D6EBA00EF7849 /* MappingExample */ = {
			isa = PBXGroup;
			children = (
				93BF78F6141D6EBA00EF7849 /* MappingExampleAppDelegate.h */,
				93BF78F7141D6EBA00EF7849 /* MappingExampleAppDelegate.m */,
				93BF78F9141D6EBA00EF7849 /* MainWindow.xib */,
				93BF78FC141D6EBA00EF7849 /* RootViewController.h */,
				93BF78FD141D6EBA00EF7849 /* RootViewController.m */,
				93BF78FF141D6EBA00EF7849 /* RootViewController.xib */,
				93BF78EE141D6EBA00EF7849 /* Supporting Files */,
				93BF790F141D6F2100EF7849 /* MapViewController.h */,
				93BF7910141D6F2100EF7849 /* MapViewController.m */,
				93BF7911141D6F2100EF7849 /* MapViewController.xib */,
			);
			path = MappingExample;
			sourceTree = "<group>";
		};
		93BF78EE141D6EBA00EF7849 /* Supporting Files */ = {
			isa = PBXGroup;
			children = (
				93BF78EF141D6EBA00EF7849 /* MappingExample-Info.plist */,
				93BF78F0141D6EBA00EF7849 /* InfoPlist.strings */,
				93BF78F3141D6EBA00EF7849 /* main.m */,
				93BF78F5141D6EBA00EF7849 /* MappingExample-Prefix.pch */,
			);
			name = "Supporting Files";
			sourceTree = "<group>";
		};
		93BF7907141D6ED000EF7849 /* SOCKit */ = {
			isa = PBXGroup;
			children = (
				93BF7908141D6EDC00EF7849 /* SOCKit.h */,
				93BF7909141D6EDC00EF7849 /* SOCKit.m */,
			);
			name = SOCKit;
			sourceTree = "<group>";
		};
		93BF790B141D6EE200EF7849 /* ABRouter */ = {
			isa = PBXGroup;
			children = (
				93BF790C141D6EE200EF7849 /* ABRouter.h */,
				93BF790D141D6EE200EF7849 /* ABRouter.m */,
			);
			name = ABRouter;
			path = ../ABRouter;
			sourceTree = "<group>";
		};
/* End PBXGroup section */

/* Begin PBXNativeTarget section */
		93BF78E2141D6EBA00EF7849 /* MappingExample */ = {
			isa = PBXNativeTarget;
			buildConfigurationList = 93BF7904141D6EBA00EF7849 /* Build configuration list for PBXNativeTarget "MappingExample" */;
			buildPhases = (
				93BF78DF141D6EBA00EF7849 /* Sources */,
				93BF78E0141D6EBA00EF7849 /* Frameworks */,
				93BF78E1141D6EBA00EF7849 /* Resources */,
			);
			buildRules = (
			);
			dependencies = (
			);
			name = MappingExample;
			productName = MappingExample;
			productReference = 93BF78E3141D6EBA00EF7849 /* MappingExample.app */;
			productType = "com.apple.product-type.application";
		};
/* End PBXNativeTarget section */

/* Begin PBXProject section */
		93BF78DA141D6EBA00EF7849 /* Project object */ = {
			isa = PBXProject;
			attributes = {
				ORGANIZATIONNAME = "Structlab LLC";
			};
			buildConfigurationList = 93BF78DD141D6EBA00EF7849 /* Build configuration list for PBXProject "MappingExample" */;
			compatibilityVersion = "Xcode 3.2";
			developmentRegion = English;
			hasScannedForEncodings = 0;
			knownRegions = (
				en,
			);
			mainGroup = 93BF78D8141D6EBA00EF7849;
			productRefGroup = 93BF78E4141D6EBA00EF7849 /* Products */;
			projectDirPath = "";
			projectRoot = "";
			targets = (
				93BF78E2141D6EBA00EF7849 /* MappingExample */,
			);
		};
/* End PBXProject section */

/* Begin PBXResourcesBuildPhase section */
		93BF78E1141D6EBA00EF7849 /* Resources */ = {
			isa = PBXResourcesBuildPhase;
			buildActionMask = 2147483647;
			files = (
				93BF78F2141D6EBA00EF7849 /* InfoPlist.strings in Resources */,
				93BF78FB141D6EBA00EF7849 /* MainWindow.xib in Resources */,
				93BF7901141D6EBA00EF7849 /* RootViewController.xib in Resources */,
				93BF7913141D6F2100EF7849 /* MapViewController.xib in Resources */,
			);
			runOnlyForDeploymentPostprocessing = 0;
		};
/* End PBXResourcesBuildPhase section */

/* Begin PBXSourcesBuildPhase section */
		93BF78DF141D6EBA00EF7849 /* Sources */ = {
			isa = PBXSourcesBuildPhase;
			buildActionMask = 2147483647;
			files = (
				93BF78F4141D6EBA00EF7849 /* main.m in Sources */,
				93BF78F8141D6EBA00EF7849 /* MappingExampleAppDelegate.m in Sources */,
				93BF78FE141D6EBA00EF7849 /* RootViewController.m in Sources */,
				93BF790A141D6EDC00EF7849 /* SOCKit.m in Sources */,
				93BF790E141D6EE200EF7849 /* ABRouter.m in Sources */,
				93BF7912141D6F2100EF7849 /* MapViewController.m in Sources */,
			);
			runOnlyForDeploymentPostprocessing = 0;
		};
/* End PBXSourcesBuildPhase section */

/* Begin PBXVariantGroup section */
		93BF78F0141D6EBA00EF7849 /* InfoPlist.strings */ = {
			isa = PBXVariantGroup;
			children = (
				93BF78F1141D6EBA00EF7849 /* en */,
			);
			name = InfoPlist.strings;
			sourceTree = "<group>";
		};
		93BF78F9141D6EBA00EF7849 /* MainWindow.xib */ = {
			isa = PBXVariantGroup;
			children = (
				93BF78FA141D6EBA00EF7849 /* en */,
			);
			name = MainWindow.xib;
			sourceTree = "<group>";
		};
		93BF78FF141D6EBA00EF7849 /* RootViewController.xib */ = {
			isa = PBXVariantGroup;
			children = (
				93BF7900141D6EBA00EF7849 /* en */,
			);
			name = RootViewController.xib;
			sourceTree = "<group>";
		};
/* End PBXVariantGroup section */

/* Begin XCBuildConfiguration section */
		93BF7902141D6EBA00EF7849 /* Debug */ = {
			isa = XCBuildConfiguration;
			buildSettings = {
				ALWAYS_SEARCH_USER_PATHS = NO;
				ARCHS = "$(ARCHS_STANDARD_32_BIT)";
				"CODE_SIGN_IDENTITY[sdk=iphoneos*]" = "iPhone Developer";
				COPY_PHASE_STRIP = NO;
				GCC_C_LANGUAGE_STANDARD = gnu99;
				GCC_DYNAMIC_NO_PIC = NO;
				GCC_OPTIMIZATION_LEVEL = 0;
				GCC_PREPROCESSOR_DEFINITIONS = (
					"DEBUG=1",
					"$(inherited)",
				);
				GCC_SYMBOLS_PRIVATE_EXTERN = NO;
				GCC_VERSION = com.apple.compilers.llvmgcc42;
				GCC_WARN_ABOUT_MISSING_PROTOTYPES = YES;
				GCC_WARN_ABOUT_RETURN_TYPE = YES;
				GCC_WARN_UNUSED_VARIABLE = YES;
				IPHONEOS_DEPLOYMENT_TARGET = 4.3;
				SDKROOT = iphoneos;
			};
			name = Debug;
		};
		93BF7903141D6EBA00EF7849 /* Release */ = {
			isa = XCBuildConfiguration;
			buildSettings = {
				ALWAYS_SEARCH_USER_PATHS = NO;
				ARCHS = "$(ARCHS_STANDARD_32_BIT)";
				"CODE_SIGN_IDENTITY[sdk=iphoneos*]" = "iPhone Developer";
				COPY_PHASE_STRIP = YES;
				GCC_C_LANGUAGE_STANDARD = gnu99;
				GCC_VERSION = com.apple.compilers.llvmgcc42;
				GCC_WARN_ABOUT_MISSING_PROTOTYPES = YES;
				GCC_WARN_ABOUT_RETURN_TYPE = YES;
				GCC_WARN_UNUSED_VARIABLE = YES;
				IPHONEOS_DEPLOYMENT_TARGET = 4.3;
				OTHER_CFLAGS = "-DNS_BLOCK_ASSERTIONS=1";
				SDKROOT = iphoneos;
				VALIDATE_PRODUCT = YES;
			};
			name = Release;
		};
		93BF7905141D6EBA00EF7849 /* Debug */ = {
			isa = XCBuildConfiguration;
			buildSettings = {
				GCC_PRECOMPILE_PREFIX_HEADER = YES;
				GCC_PREFIX_HEADER = "MappingExample/MappingExample-Prefix.pch";
				INFOPLIST_FILE = "MappingExample/MappingExample-Info.plist";
				PRODUCT_NAME = "$(TARGET_NAME)";
				WRAPPER_EXTENSION = app;
			};
			name = Debug;
		};
		93BF7906141D6EBA00EF7849 /* Release */ = {
			isa = XCBuildConfiguration;
			buildSettings = {
				GCC_PRECOMPILE_PREFIX_HEADER = YES;
				GCC_PREFIX_HEADER = "MappingExample/MappingExample-Prefix.pch";
				INFOPLIST_FILE = "MappingExample/MappingExample-Info.plist";
				PRODUCT_NAME = "$(TARGET_NAME)";
				WRAPPER_EXTENSION = app;
			};
			name = Release;
		};
/* End XCBuildConfiguration section */

/* Begin XCConfigurationList section */
		93BF78DD141D6EBA00EF7849 /* Build configuration list for PBXProject "MappingExample" */ = {
			isa = XCConfigurationList;
			buildConfigurations = (
				93BF7902141D6EBA00EF7849 /* Debug */,
				93BF7903141D6EBA00EF7849 /* Release */,
			);
			defaultConfigurationIsVisible = 0;
			defaultConfigurationName = Release;
		};
		93BF7904141D6EBA00EF7849 /* Build configuration list for PBXNativeTarget "MappingExample" */ = {
			isa = XCConfigurationList;
			buildConfigurations = (
				93BF7905141D6EBA00EF7849 /* Debug */,
				93BF7906141D6EBA00EF7849 /* Release */,
			);
			defaultConfigurationIsVisible = 0;
		};
/* End XCConfigurationList section */
	};
	rootObject = 93BF78DA141D6EBA00EF7849 /* Project object */;
}
